# This file is autogenerated, do not edit; changes may be undone by the next 'dep ensure'.


[[projects]]
  branch = "master"
  name = "github.com/onrik/logrus"
  packages = ["filename"]
  revision = "00f4ddfaeb23824ce8b9ce969095a9b2529b9eca"

[[projects]]
  name = "github.com/sirupsen/logrus"
  packages = ["."]
  revision = "3e01752db0189b9157070a0e1668a620f9a85da2"
  version = "v1.0.6"

[[projects]]
  branch = "master"
  name = "golang.org/x/crypto"
  packages = ["ssh/terminal"]
  revision = "c126467f60eb25f8f27e5a981f32a87e3965053f"

[[projects]]
  branch = "master"
  name = "golang.org/x/sys"
  packages = [
    "unix",
    "windows"
  ]
  revision = "e072cadbbdc8dd3d3ffa82b8b4b9304c261d9311"

[solve-meta]
  analyzer-name = "dep"
  analyzer-version = 1
  inputs-digest = "d56ce9aba6687069c514298cb3f872c6ab42c0b15fe101d6f8c3b4e4dc8cf9da"
  solver-name = "gps-cdcl"
  solver-version = 1
